// !$*UTF8*$!
{
	archiveVersion = 1;
	classes = {
	};
	objectVersion = 56;
	objects = {

/* Begin PBXBuildFile section */
		4B39388C289FA83300427FC3 /* UdpClientView.swift in Sources */ = {isa = PBXBuildFile; fileRef = 4B39388B289FA83300427FC3 /* UdpClientView.swift */; };
		4B52603D28AB917400AF114E /* CocoaAsyncSocket in Frameworks */ = {isa = PBXBuildFile; productRef = 4B52603C28AB917400AF114E /* CocoaAsyncSocket */; };
		4B5C9F56289CF8C40037742F /* DemoMultiLinkApp.swift in Sources */ = {isa = PBXBuildFile; fileRef = 4B5C9F55289CF8C40037742F /* DemoMultiLinkApp.swift */; };
		4B5C9F58289CF8C40037742F /* ContentView.swift in Sources */ = {isa = PBXBuildFile; fileRef = 4B5C9F57289CF8C40037742F /* ContentView.swift */; };
		4B5C9F5A289CF8C50037742F /* Assets.xcassets in Resources */ = {isa = PBXBuildFile; fileRef = 4B5C9F59289CF8C50037742F /* Assets.xcassets */; };
		4B5C9F5D289CF8C50037742F /* Preview Assets.xcassets in Resources */ = {isa = PBXBuildFile; fileRef = 4B5C9F5C289CF8C50037742F /* Preview Assets.xcassets */; };
		4B5C9F67289CF8C50037742F /* DemoMultiLinkTests.swift in Sources */ = {isa = PBXBuildFile; fileRef = 4B5C9F66289CF8C50037742F /* DemoMultiLinkTests.swift */; };
		4B5C9F71289CF8C50037742F /* DemoMultiLinkUITests.swift in Sources */ = {isa = PBXBuildFile; fileRef = 4B5C9F70289CF8C50037742F /* DemoMultiLinkUITests.swift */; };
		4B5C9F73289CF8C50037742F /* DemoMultiLinkUITestsLaunchTests.swift in Sources */ = {isa = PBXBuildFile; fileRef = 4B5C9F72289CF8C50037742F /* DemoMultiLinkUITestsLaunchTests.swift */; };
		4B5C9F83289D03200037742F /* TestMultiLinkSDK.framework in Frameworks */ = {isa = PBXBuildFile; fileRef = 4B5C9F82289D03200037742F /* TestMultiLinkSDK.framework */; };
		4B5C9F84289D03200037742F /* TestMultiLinkSDK.framework in Embed Frameworks */ = {isa = PBXBuildFile; fileRef = 4B5C9F82289D03200037742F /* TestMultiLinkSDK.framework */; settings = {ATTRIBUTES = (CodeSignOnCopy, RemoveHeadersOnCopy, ); }; };
		4B5C9F8A289D16490037742F /* TcpClientView.swift in Sources */ = {isa = PBXBuildFile; fileRef = 4B5C9F89289D16490037742F /* TcpClientView.swift */; };
		4B5C9F8C289D16D00037742F /* ServerView.swift in Sources */ = {isa = PBXBuildFile; fileRef = 4B5C9F8B289D16D00037742F /* ServerView.swift */; };
		4B5C9F8E289D539A0037742F /* SocketViewModel.swift in Sources */ = {isa = PBXBuildFile; fileRef = 4B5C9F8D289D539A0037742F /* SocketViewModel.swift */; };
/* End PBXBuildFile section */

/* Begin PBXContainerItemProxy section */
		4B5C9F63289CF8C50037742F /* PBXContainerItemProxy */ = {
			isa = PBXContainerItemProxy;
			containerPortal = 4B5C9F4A289CF8C40037742F /* Project object */;
			proxyType = 1;
			remoteGlobalIDString = 4B5C9F51289CF8C40037742F;
			remoteInfo = DemoMultiLink;
		};
		4B5C9F6D289CF8C50037742F /* PBXContainerItemProxy */ = {
			isa = PBXContainerItemProxy;
			containerPortal = 4B5C9F4A289CF8C40037742F /* Project object */;
			proxyType = 1;
			remoteGlobalIDString = 4B5C9F51289CF8C40037742F;
			remoteInfo = DemoMultiLink;
		};
/* End PBXContainerItemProxy section */

/* Begin PBXCopyFilesBuildPhase section */
		4B5C9F85289D03200037742F /* Embed Frameworks */ = {
			isa = PBXCopyFilesBuildPhase;
			buildActionMask = 2147483647;
			dstPath = "";
			dstSubfolderSpec = 10;
			files = (
				4B5C9F84289D03200037742F /* TestMultiLinkSDK.framework in Embed Frameworks */,
			);
			name = "Embed Frameworks";
			runOnlyForDeploymentPostprocessing = 0;
		};
/* End PBXCopyFilesBuildPhase section */

/* Begin PBXFileReference section */
		4B39388B289FA83300427FC3 /* UdpClientView.swift */ = {isa = PBXFileReference; lastKnownFileType = sourcecode.swift; path = UdpClientView.swift; sourceTree = "<group>"; };
		4B39388D28A0F65900427FC3 /* Info.plist */ = {isa = PBXFileReference; lastKnownFileType = text.plist; path = Info.plist; sourceTree = "<group>"; };
		4B5C9F52289CF8C40037742F /* DemoMultiLink.app */ = {isa = PBXFileReference; explicitFileType = wrapper.application; includeInIndex = 0; path = DemoMultiLink.app; sourceTree = BUILT_PRODUCTS_DIR; };
		4B5C9F55289CF8C40037742F /* DemoMultiLinkApp.swift */ = {isa = PBXFileReference; lastKnownFileType = sourcecode.swift; path = DemoMultiLinkApp.swift; sourceTree = "<group>"; };
		4B5C9F57289CF8C40037742F /* ContentView.swift */ = {isa = PBXFileReference; lastKnownFileType = sourcecode.swift; path = ContentView.swift; sourceTree = "<group>"; };
		4B5C9F59289CF8C50037742F /* Assets.xcassets */ = {isa = PBXFileReference; lastKnownFileType = folder.assetcatalog; path = Assets.xcassets; sourceTree = "<group>"; };
		4B5C9F5C289CF8C50037742F /* Preview Assets.xcassets */ = {isa = PBXFileReference; lastKnownFileType = folder.assetcatalog; path = "Preview Assets.xcassets"; sourceTree = "<group>"; };
		4B5C9F62289CF8C50037742F /* DemoMultiLinkTests.xctest */ = {isa = PBXFileReference; explicitFileType = wrapper.cfbundle; includeInIndex = 0; path = DemoMultiLinkTests.xctest; sourceTree = BUILT_PRODUCTS_DIR; };
		4B5C9F66289CF8C50037742F /* DemoMultiLinkTests.swift */ = {isa = PBXFileReference; lastKnownFileType = sourcecode.swift; path = DemoMultiLinkTests.swift; sourceTree = "<group>"; };
		4B5C9F6C289CF8C50037742F /* DemoMultiLinkUITests.xctest */ = {isa = PBXFileReference; explicitFileType = wrapper.cfbundle; includeInIndex = 0; path = DemoMultiLinkUITests.xctest; sourceTree = BUILT_PRODUCTS_DIR; };
		4B5C9F70289CF8C50037742F /* DemoMultiLinkUITests.swift */ = {isa = PBXFileReference; lastKnownFileType = sourcecode.swift; path = DemoMultiLinkUITests.swift; sourceTree = "<group>"; };
		4B5C9F72289CF8C50037742F /* DemoMultiLinkUITestsLaunchTests.swift */ = {isa = PBXFileReference; lastKnownFileType = sourcecode.swift; path = DemoMultiLinkUITestsLaunchTests.swift; sourceTree = "<group>"; };
		4B5C9F82289D03200037742F /* TestMultiLinkSDK.framework */ = {isa = PBXFileReference; explicitFileType = wrapper.framework; path = TestMultiLinkSDK.framework; sourceTree = BUILT_PRODUCTS_DIR; };
		4B5C9F89289D16490037742F /* TcpClientView.swift */ = {isa = PBXFileReference; lastKnownFileType = sourcecode.swift; path = TcpClientView.swift; sourceTree = "<group>"; };
		4B5C9F8B289D16D00037742F /* ServerView.swift */ = {isa = PBXFileReference; lastKnownFileType = sourcecode.swift; path = ServerView.swift; sourceTree = "<group>"; };
		4B5C9F8D289D539A0037742F /* SocketViewModel.swift */ = {isa = PBXFileReference; lastKnownFileType = sourcecode.swift; path = SocketViewModel.swift; sourceTree = "<group>"; };
/* End PBXFileReference section */

/* Begin PBXFrameworksBuildPhase section */
		4B5C9F4F289CF8C40037742F /* Frameworks */ = {
			isa = PBXFrameworksBuildPhase;
			buildActionMask = 2147483647;
			files = (
				4B52603D28AB917400AF114E /* CocoaAsyncSocket in Frameworks */,
				4B5C9F83289D03200037742F /* TestMultiLinkSDK.framework in Frameworks */,
			);
			runOnlyForDeploymentPostprocessing = 0;
		};
		4B5C9F5F289CF8C50037742F /* Frameworks */ = {
			isa = PBXFrameworksBuildPhase;
			buildActionMask = 2147483647;
			files = (
			);
			runOnlyForDeploymentPostprocessing = 0;
		};
		4B5C9F69289CF8C50037742F /* Frameworks */ = {
			isa = PBXFrameworksBuildPhase;
			buildActionMask = 2147483647;
			files = (
			);
			runOnlyForDeploymentPostprocessing = 0;
		};
/* End PBXFrameworksBuildPhase section */

/* Begin PBXGroup section */
		4B5C9F49289CF8C40037742F = {
			isa = PBXGroup;
			children = (
				4B5C9F54289CF8C40037742F /* DemoMultiLink */,
				4B5C9F65289CF8C50037742F /* DemoMultiLinkTests */,
				4B5C9F6F289CF8C50037742F /* DemoMultiLinkUITests */,
				4B5C9F53289CF8C40037742F /* Products */,
				4B5C9F81289D03200037742F /* Frameworks */,
			);
			sourceTree = "<group>";
		};
		4B5C9F53289CF8C40037742F /* Products */ = {
			isa = PBXGroup;
			children = (
				4B5C9F52289CF8C40037742F /* DemoMultiLink.app */,
				4B5C9F62289CF8C50037742F /* DemoMultiLinkTests.xctest */,
				4B5C9F6C289CF8C50037742F /* DemoMultiLinkUITests.xctest */,
			);
			name = Products;
			sourceTree = "<group>";
		};
		4B5C9F54289CF8C40037742F /* DemoMultiLink */ = {
			isa = PBXGroup;
			children = (
				4B39388D28A0F65900427FC3 /* Info.plist */,
				4B5C9F55289CF8C40037742F /* DemoMultiLinkApp.swift */,
				4B5C9F57289CF8C40037742F /* ContentView.swift */,
				4B5C9F89289D16490037742F /* TcpClientView.swift */,
				4B5C9F8B289D16D00037742F /* ServerView.swift */,
				4B39388B289FA83300427FC3 /* UdpClientView.swift */,
				4B5C9F8D289D539A0037742F /* SocketViewModel.swift */,
				4B5C9F59289CF8C50037742F /* Assets.xcassets */,
				4B5C9F5B289CF8C50037742F /* Preview Content */,
			);
			path = DemoMultiLink;
			sourceTree = "<group>";
		};
		4B5C9F5B289CF8C50037742F /* Preview Content */ = {
			isa = PBXGroup;
			children = (
				4B5C9F5C289CF8C50037742F /* Preview Assets.xcassets */,
			);
			path = "Preview Content";
			sourceTree = "<group>";
		};
		4B5C9F65289CF8C50037742F /* DemoMultiLinkTests */ = {
			isa = PBXGroup;
			children = (
				4B5C9F66289CF8C50037742F /* DemoMultiLinkTests.swift */,
			);
			path = DemoMultiLinkTests;
			sourceTree = "<group>";
		};
		4B5C9F6F289CF8C50037742F /* DemoMultiLinkUITests */ = {
			isa = PBXGroup;
			children = (
				4B5C9F70289CF8C50037742F /* DemoMultiLinkUITests.swift */,
				4B5C9F72289CF8C50037742F /* DemoMultiLinkUITestsLaunchTests.swift */,
			);
			path = DemoMultiLinkUITests;
			sourceTree = "<group>";
		};
		4B5C9F81289D03200037742F /* Frameworks */ = {
			isa = PBXGroup;
			children = (
				4B5C9F82289D03200037742F /* TestMultiLinkSDK.framework */,
			);
			name = Frameworks;
			sourceTree = "<group>";
		};
/* End PBXGroup section */

/* Begin PBXNativeTarget section */
		4B5C9F51289CF8C40037742F /* DemoMultiLink */ = {
			isa = PBXNativeTarget;
			buildConfigurationList = 4B5C9F76289CF8C50037742F /* Build configuration list for PBXNativeTarget "DemoMultiLink" */;
			buildPhases = (
				4B5C9F4E289CF8C40037742F /* Sources */,
				4B5C9F4F289CF8C40037742F /* Frameworks */,
				4B5C9F50289CF8C40037742F /* Resources */,
				4B5C9F85289D03200037742F /* Embed Frameworks */,
			);
			buildRules = (
			);
			dependencies = (
			);
			name = DemoMultiLink;
			packageProductDependencies = (
				4B52603C28AB917400AF114E /* CocoaAsyncSocket */,
			);
			productName = DemoMultiLink;
			productReference = 4B5C9F52289CF8C40037742F /* DemoMultiLink.app */;
			productType = "com.apple.product-type.application";
		};
		4B5C9F61289CF8C50037742F /* DemoMultiLinkTests */ = {
			isa = PBXNativeTarget;
			buildConfigurationList = 4B5C9F79289CF8C50037742F /* Build configuration list for PBXNativeTarget "DemoMultiLinkTests" */;
			buildPhases = (
				4B5C9F5E289CF8C50037742F /* Sources */,
				4B5C9F5F289CF8C50037742F /* Frameworks */,
				4B5C9F60289CF8C50037742F /* Resources */,
			);
			buildRules = (
			);
			dependencies = (
				4B5C9F64289CF8C50037742F /* PBXTargetDependency */,
			);
			name = DemoMultiLinkTests;
			productName = DemoMultiLinkTests;
			productReference = 4B5C9F62289CF8C50037742F /* DemoMultiLinkTests.xctest */;
			productType = "com.apple.product-type.bundle.unit-test";
		};
		4B5C9F6B289CF8C50037742F /* DemoMultiLinkUITests */ = {
			isa = PBXNativeTarget;
			buildConfigurationList = 4B5C9F7C289CF8C50037742F /* Build configuration list for PBXNativeTarget "DemoMultiLinkUITests" */;
			buildPhases = (
				4B5C9F68289CF8C50037742F /* Sources */,
				4B5C9F69289CF8C50037742F /* Frameworks */,
				4B5C9F6A289CF8C50037742F /* Resources */,
			);
			buildRules = (
			);
			dependencies = (
				4B5C9F6E289CF8C50037742F /* PBXTargetDependency */,
			);
			name = DemoMultiLinkUITests;
			productName = DemoMultiLinkUITests;
			productReference = 4B5C9F6C289CF8C50037742F /* DemoMultiLinkUITests.xctest */;
			productType = "com.apple.product-type.bundle.ui-testing";
		};
/* End PBXNativeTarget section */

/* Begin PBXProject section */
		4B5C9F4A289CF8C40037742F /* Project object */ = {
			isa = PBXProject;
			attributes = {
				BuildIndependentTargetsInParallel = 1;
				LastSwiftUpdateCheck = 1400;
				LastUpgradeCheck = 1400;
				TargetAttributes = {
					4B5C9F51289CF8C40037742F = {
						CreatedOnToolsVersion = 14.0;
					};
					4B5C9F61289CF8C50037742F = {
						CreatedOnToolsVersion = 14.0;
						TestTargetID = 4B5C9F51289CF8C40037742F;
					};
					4B5C9F6B289CF8C50037742F = {
						CreatedOnToolsVersion = 14.0;
						TestTargetID = 4B5C9F51289CF8C40037742F;
					};
				};
			};
			buildConfigurationList = 4B5C9F4D289CF8C40037742F /* Build configuration list for PBXProject "DemoMultiLink" */;
			compatibilityVersion = "Xcode 14.0";
			developmentRegion = en;
			hasScannedForEncodings = 0;
			knownRegions = (
				en,
				Base,
			);
			mainGroup = 4B5C9F49289CF8C40037742F;
			packageReferences = (
				4B52603B28AB917400AF114E /* XCRemoteSwiftPackageReference "CocoaAsyncSocket" */,
			);
			productRefGroup = 4B5C9F53289CF8C40037742F /* Products */;
			projectDirPath = "";
			projectRoot = "";
			targets = (
				4B5C9F51289CF8C40037742F /* DemoMultiLink */,
				4B5C9F61289CF8C50037742F /* DemoMultiLinkTests */,
				4B5C9F6B289CF8C50037742F /* DemoMultiLinkUITests */,
			);
		};
/* End PBXProject section */

/* Begin PBXResourcesBuildPhase section */
		4B5C9F50289CF8C40037742F /* Resources */ = {
			isa = PBXResourcesBuildPhase;
			buildActionMask = 2147483647;
			files = (
				4B5C9F5D289CF8C50037742F /* Preview Assets.xcassets in Resources */,
				4B5C9F5A289CF8C50037742F /* Assets.xcassets in Resources */,
			);
			runOnlyForDeploymentPostprocessing = 0;
		};
		4B5C9F60289CF8C50037742F /* Resources */ = {
			isa = PBXResourcesBuildPhase;
			buildActionMask = 2147483647;
			files = (
			);
			runOnlyForDeploymentPostprocessing = 0;
		};
		4B5C9F6A289CF8C50037742F /* Resources */ = {
			isa = PBXResourcesBuildPhase;
			buildActionMask = 2147483647;
			files = (
			);
			runOnlyForDeploymentPostprocessing = 0;
		};
/* End PBXResourcesBuildPhase section */

/* Begin PBXSourcesBuildPhase section */
		4B5C9F4E289CF8C40037742F /* Sources */ = {
			isa = PBXSourcesBuildPhase;
			buildActionMask = 2147483647;
			files = (
				4B5C9F58289CF8C40037742F /* ContentView.swift in Sources */,
				4B5C9F8C289D16D00037742F /* ServerView.swift in Sources */,
				4B5C9F56289CF8C40037742F /* DemoMultiLinkApp.swift in Sources */,
				4B5C9F8A289D16490037742F /* TcpClientView.swift in Sources */,
				4B5C9F8E289D539A0037742F /* SocketViewModel.swift in Sources */,
				4B39388C289FA83300427FC3 /* UdpClientView.swift in Sources */,
			);
			runOnlyForDeploymentPostprocessing = 0;
		};
		4B5C9F5E289CF8C50037742F /* Sources */ = {
			isa = PBXSourcesBuildPhase;
			buildActionMask = 2147483647;
			files = (
				4B5C9F67289CF8C50037742F /* DemoMultiLinkTests.swift in Sources */,
			);
			runOnlyForDeploymentPostprocessing = 0;
		};
		4B5C9F68289CF8C50037742F /* Sources */ = {
			isa = PBXSourcesBuildPhase;
			buildActionMask = 2147483647;
			files = (
				4B5C9F71289CF8C50037742F /* DemoMultiLinkUITests.swift in Sources */,
				4B5C9F73289CF8C50037742F /* DemoMultiLinkUITestsLaunchTests.swift in Sources */,
			);
			runOnlyForDeploymentPostprocessing = 0;
		};
/* End PBXSourcesBuildPhase section */

/* Begin PBXTargetDependency section */
		4B5C9F64289CF8C50037742F /* PBXTargetDependency */ = {
			isa = PBXTargetDependency;
			target = 4B5C9F51289CF8C40037742F /* DemoMultiLink */;
			targetProxy = 4B5C9F63289CF8C50037742F /* PBXContainerItemProxy */;
		};
		4B5C9F6E289CF8C50037742F /* PBXTargetDependency */ = {
			isa = PBXTargetDependency;
			target = 4B5C9F51289CF8C40037742F /* DemoMultiLink */;
			targetProxy = 4B5C9F6D289CF8C50037742F /* PBXContainerItemProxy */;
		};
/* End PBXTargetDependency section */

/* Begin XCBuildConfiguration section */
		4B5C9F74289CF8C50037742F /* Debug */ = {
			isa = XCBuildConfiguration;
			buildSettings = {
				ALWAYS_SEARCH_USER_PATHS = NO;
				CLANG_ANALYZER_NONNULL = YES;
				CLANG_ANALYZER_NUMBER_OBJECT_CONVERSION = YES_AGGRESSIVE;
				CLANG_CXX_LANGUAGE_STANDARD = "gnu++20";
				CLANG_ENABLE_MODULES = YES;
				CLANG_ENABLE_OBJC_ARC = YES;
				CLANG_ENABLE_OBJC_WEAK = YES;
				CLANG_WARN_BLOCK_CAPTURE_AUTORELEASING = YES;
				CLANG_WARN_BOOL_CONVERSION = YES;
				CLANG_WARN_COMMA = YES;
				CLANG_WARN_CONSTANT_CONVERSION = YES;
				CLANG_WARN_DEPRECATED_OBJC_IMPLEMENTATIONS = YES;
				CLANG_WARN_DIRECT_OBJC_ISA_USAGE = YES_ERROR;
				CLANG_WARN_DOCUMENTATION_COMMENTS = YES;
				CLANG_WARN_EMPTY_BODY = YES;
				CLANG_WARN_ENUM_CONVERSION = YES;
				CLANG_WARN_INFINITE_RECURSION = YES;
				CLANG_WARN_INT_CONVERSION = YES;
				CLANG_WARN_NON_LITERAL_NULL_CONVERSION = YES;
				CLANG_WARN_OBJC_IMPLICIT_RETAIN_SELF = YES;
				CLANG_WARN_OBJC_LITERAL_CONVERSION = YES;
				CLANG_WARN_OBJC_ROOT_CLASS = YES_ERROR;
				CLANG_WARN_QUOTED_INCLUDE_IN_FRAMEWORK_HEADER = YES;
				CLANG_WARN_RANGE_LOOP_ANALYSIS = YES;
				CLANG_WARN_STRICT_PROTOTYPES = YES;
				CLANG_WARN_SUSPICIOUS_MOVE = YES;
				CLANG_WARN_UNGUARDED_AVAILABILITY = YES_AGGRESSIVE;
				CLANG_WARN_UNREACHABLE_CODE = YES;
				CLANG_WARN__DUPLICATE_METHOD_MATCH = YES;
				COPY_PHASE_STRIP = NO;
				DEBUG_INFORMATION_FORMAT = dwarf;
				ENABLE_STRICT_OBJC_MSGSEND = YES;
				ENABLE_TESTABILITY = YES;
				GCC_C_LANGUAGE_STANDARD = gnu11;
				GCC_DYNAMIC_NO_PIC = NO;
				GCC_NO_COMMON_BLOCKS = YES;
				GCC_OPTIMIZATION_LEVEL = 0;
				GCC_PREPROCESSOR_DEFINITIONS = (
					"DEBUG=1",
					"$(inherited)",
				);
				GCC_WARN_64_TO_32_BIT_CONVERSION = YES;
				GCC_WARN_ABOUT_RETURN_TYPE = YES_ERROR;
				GCC_WARN_UNDECLARED_SELECTOR = YES;
				GCC_WARN_UNINITIALIZED_AUTOS = YES_AGGRESSIVE;
				GCC_WARN_UNUSED_FUNCTION = YES;
				GCC_WARN_UNUSED_VARIABLE = YES;
				IPHONEOS_DEPLOYMENT_TARGET = 16.0;
				MTL_ENABLE_DEBUG_INFO = INCLUDE_SOURCE;
				MTL_FAST_MATH = YES;
				ONLY_ACTIVE_ARCH = YES;
				SDKROOT = iphoneos;
				SWIFT_ACTIVE_COMPILATION_CONDITIONS = DEBUG;
				SWIFT_OPTIMIZATION_LEVEL = "-Onone";
			};
			name = Debug;
		};
		4B5C9F75289CF8C50037742F /* Release */ = {
			isa = XCBuildConfiguration;
			buildSettings = {
				ALWAYS_SEARCH_USER_PATHS = NO;
				CLANG_ANALYZER_NONNULL = YES;
				CLANG_ANALYZER_NUMBER_OBJECT_CONVERSION = YES_AGGRESSIVE;
				CLANG_CXX_LANGUAGE_STANDARD = "gnu++20";
				CLANG_ENABLE_MODULES = YES;
				CLANG_ENABLE_OBJC_ARC = YES;
				CLANG_ENABLE_OBJC_WEAK = YES;
				CLANG_WARN_BLOCK_CAPTURE_AUTORELEASING = YES;
				CLANG_WARN_BOOL_CONVERSION = YES;
				CLANG_WARN_COMMA = YES;
				CLANG_WARN_CONSTANT_CONVERSION = YES;
				CLANG_WARN_DEPRECATED_OBJC_IMPLEMENTATIONS = YES;
				CLANG_WARN_DIRECT_OBJC_ISA_USAGE = YES_ERROR;
				CLANG_WARN_DOCUMENTATION_COMMENTS = YES;
				CLANG_WARN_EMPTY_BODY = YES;
				CLANG_WARN_ENUM_CONVERSION = YES;
				CLANG_WARN_INFINITE_RECURSION = YES;
				CLANG_WARN_INT_CONVERSION = YES;
				CLANG_WARN_NON_LITERAL_NULL_CONVERSION = YES;
				CLANG_WARN_OBJC_IMPLICIT_RETAIN_SELF = YES;
				CLANG_WARN_OBJC_LITERAL_CONVERSION = YES;
				CLANG_WARN_OBJC_ROOT_CLASS = YES_ERROR;
				CLANG_WARN_QUOTED_INCLUDE_IN_FRAMEWORK_HEADER = YES;
				CLANG_WARN_RANGE_LOOP_ANALYSIS = YES;
				CLANG_WARN_STRICT_PROTOTYPES = YES;
				CLANG_WARN_SUSPICIOUS_MOVE = YES;
				CLANG_WARN_UNGUARDED_AVAILABILITY = YES_AGGRESSIVE;
				CLANG_WARN_UNREACHABLE_CODE = YES;
				CLANG_WARN__DUPLICATE_METHOD_MATCH = YES;
				COPY_PHASE_STRIP = NO;
				DEBUG_INFORMATION_FORMAT = "dwarf-with-dsym";
				ENABLE_NS_ASSERTIONS = NO;
				ENABLE_STRICT_OBJC_MSGSEND = YES;
				GCC_C_LANGUAGE_STANDARD = gnu11;
				GCC_NO_COMMON_BLOCKS = YES;
				GCC_WARN_64_TO_32_BIT_CONVERSION = YES;
				GCC_WARN_ABOUT_RETURN_TYPE = YES_ERROR;
				GCC_WARN_UNDECLARED_SELECTOR = YES;
				GCC_WARN_UNINITIALIZED_AUTOS = YES_AGGRESSIVE;
				GCC_WARN_UNUSED_FUNCTION = YES;
				GCC_WARN_UNUSED_VARIABLE = YES;
				IPHONEOS_DEPLOYMENT_TARGET = 16.0;
				MTL_ENABLE_DEBUG_INFO = NO;
				MTL_FAST_MATH = YES;
				SDKROOT = iphoneos;
				SWIFT_COMPILATION_MODE = wholemodule;
				SWIFT_OPTIMIZATION_LEVEL = "-O";
				VALIDATE_PRODUCT = YES;
			};
			name = Release;
		};
		4B5C9F77289CF8C50037742F /* Debug */ = {
			isa = XCBuildConfiguration;
			buildSettings = {
				ASSETCATALOG_COMPILER_APPICON_NAME = AppIcon;
				ASSETCATALOG_COMPILER_GLOBAL_ACCENT_COLOR_NAME = AccentColor;
				CODE_SIGN_STYLE = Automatic;
				CURRENT_PROJECT_VERSION = 1;
				DEVELOPMENT_ASSET_PATHS = "\"DemoMultiLink/Preview Content\"";
				DEVELOPMENT_TEAM = 9UNC2Z2573;
				ENABLE_PREVIEWS = YES;
				GENERATE_INFOPLIST_FILE = YES;
				INFOPLIST_FILE = DemoMultiLink/Info.plist;
				INFOPLIST_KEY_UIApplicationSceneManifest_Generation = YES;
				INFOPLIST_KEY_UIApplicationSupportsIndirectInputEvents = YES;
				INFOPLIST_KEY_UILaunchScreen_Generation = YES;
				INFOPLIST_KEY_UISupportedInterfaceOrientations_iPad = "UIInterfaceOrientationPortrait UIInterfaceOrientationPortraitUpsideDown UIInterfaceOrientationLandscapeLeft UIInterfaceOrientationLandscapeRight";
				INFOPLIST_KEY_UISupportedInterfaceOrientations_iPhone = "UIInterfaceOrientationPortrait UIInterfaceOrientationLandscapeLeft UIInterfaceOrientationLandscapeRight";
				IPHONEOS_DEPLOYMENT_TARGET = 15.0;
				LD_RUNPATH_SEARCH_PATHS = (
					"$(inherited)",
					"@executable_path/Frameworks",
				);
				MARKETING_VERSION = 1.0;
				PRODUCT_BUNDLE_IDENTIFIER = com.wonka.DemoMultiLink;
				PRODUCT_NAME = "$(TARGET_NAME)";
				SWIFT_EMIT_LOC_STRINGS = YES;
				SWIFT_VERSION = 5.0;
				TARGETED_DEVICE_FAMILY = "1,2";
			};
			name = Debug;
		};
		4B5C9F78289CF8C50037742F /* Release */ = {
			isa = XCBuildConfiguration;
			buildSettings = {
				ASSETCATALOG_COMPILER_APPICON_NAME = AppIcon;
				ASSETCATALOG_COMPILER_GLOBAL_ACCENT_COLOR_NAME = AccentColor;
				CODE_SIGN_STYLE = Automatic;
				CURRENT_PROJECT_VERSION = 1;
				DEVELOPMENT_ASSET_PATHS = "\"DemoMultiLink/Preview Content\"";
				DEVELOPMENT_TEAM = 9UNC2Z2573;
				ENABLE_PREVIEWS = YES;
				GENERATE_INFOPLIST_FILE = YES;
				INFOPLIST_FILE = DemoMultiLink/Info.plist;
				INFOPLIST_KEY_UIApplicationSceneManifest_Generation = YES;
				INFOPLIST_KEY_UIApplicationSupportsIndirectInputEvents = YES;
				INFOPLIST_KEY_UILaunchScreen_Generation = YES;
				INFOPLIST_KEY_UISupportedInterfaceOrientations_iPad = "UIInterfaceOrientationPortrait UIInterfaceOrientationPortraitUpsideDown UIInterfaceOrientationLandscapeLeft UIInterfaceOrientationLandscapeRight";
				INFOPLIST_KEY_UISupportedInterfaceOrientations_iPhone = "UIInterfaceOrientationPortrait UIInterfaceOrientationLandscapeLeft UIInterfaceOrientationLandscapeRight";
				IPHONEOS_DEPLOYMENT_TARGET = 15.0;
				LD_RUNPATH_SEARCH_PATHS = (
					"$(inherited)",
					"@executable_path/Frameworks",
				);
				MARKETING_VERSION = 1.0;
				PRODUCT_BUNDLE_IDENTIFIER = com.wonka.DemoMultiLink;
				PRODUCT_NAME = "$(TARGET_NAME)";
				SWIFT_EMIT_LOC_STRINGS = YES;
				SWIFT_VERSION = 5.0;
				TARGETED_DEVICE_FAMILY = "1,2";
			};
			name = Release;
		};
		4B5C9F7A289CF8C50037742F /* Debug */ = {
			isa = XCBuildConfiguration;
			buildSettings = {
				ALWAYS_EMBED_SWIFT_STANDARD_LIBRARIES = YES;
				BUNDLE_LOADER = "$(TEST_HOST)";
				CODE_SIGN_STYLE = Automatic;
				CURRENT_PROJECT_VERSION = 1;
				DEVELOPMENT_TEAM = 9UNC2Z2573;
				GENERATE_INFOPLIST_FILE = YES;
				IPHONEOS_DEPLOYMENT_TARGET = 15.0;
				MARKETING_VERSION = 1.0;
				PRODUCT_BUNDLE_IDENTIFIER = com.wonka.DemoMultiLinkTests;
				PRODUCT_NAME = "$(TARGET_NAME)";
				SWIFT_EMIT_LOC_STRINGS = NO;
				SWIFT_VERSION = 5.0;
				TARGETED_DEVICE_FAMILY = "1,2";
				TEST_HOST = "$(BUILT_PRODUCTS_DIR)/DemoMultiLink.app/$(BUNDLE_EXECUTABLE_FOLDER_PATH)/DemoMultiLink";
			};
			name = Debug;
		};
		4B5C9F7B289CF8C50037742F /* Release */ = {
			isa = XCBuildConfiguration;
			buildSettings = {
				ALWAYS_EMBED_SWIFT_STANDARD_LIBRARIES = YES;
				BUNDLE_LOADER = "$(TEST_HOST)";
				CODE_SIGN_STYLE = Automatic;
				CURRENT_PROJECT_VERSION = 1;
				DEVELOPMENT_TEAM = 9UNC2Z2573;
				GENERATE_INFOPLIST_FILE = YES;
				IPHONEOS_DEPLOYMENT_TARGET = 15.0;
				MARKETING_VERSION = 1.0;
				PRODUCT_BUNDLE_IDENTIFIER = com.wonka.DemoMultiLinkTests;
				PRODUCT_NAME = "$(TARGET_NAME)";
				SWIFT_EMIT_LOC_STRINGS = NO;
				SWIFT_VERSION = 5.0;
				TARGETED_DEVICE_FAMILY = "1,2";
				TEST_HOST = "$(BUILT_PRODUCTS_DIR)/DemoMultiLink.app/$(BUNDLE_EXECUTABLE_FOLDER_PATH)/DemoMultiLink";
			};
			name = Release;
		};
		4B5C9F7D289CF8C50037742F /* Debug */ = {
			isa = XCBuildConfiguration;
			buildSettings = {
				ALWAYS_EMBED_SWIFT_STANDARD_LIBRARIES = YES;
				CODE_SIGN_STYLE = Automatic;
				CURRENT_PROJECT_VERSION = 1;
				DEVELOPMENT_TEAM = 9UNC2Z2573;
				GENERATE_INFOPLIST_FILE = YES;
				IPHONEOS_DEPLOYMENT_TARGET = 15.0;
				MARKETING_VERSION = 1.0;
				PRODUCT_BUNDLE_IDENTIFIER = com.wonka.DemoMultiLinkUITests;
				PRODUCT_NAME = "$(TARGET_NAME)";
				SWIFT_EMIT_LOC_STRINGS = NO;
				SWIFT_VERSION = 5.0;
				TARGETED_DEVICE_FAMILY = "1,2";
				TEST_TARGET_NAME = DemoMultiLink;
			};
			name = Debug;
		};
		4B5C9F7E289CF8C50037742F /* Release */ = {
			isa = XCBuildConfiguration;
			buildSettings = {
				ALWAYS_EMBED_SWIFT_STANDARD_LIBRARIES = YES;
				CODE_SIGN_STYLE = Automatic;
				CURRENT_PROJECT_VERSION = 1;
				DEVELOPMENT_TEAM = 9UNC2Z2573;
				GENERATE_INFOPLIST_FILE = YES;
				IPHONEOS_DEPLOYMENT_TARGET = 15.0;
				MARKETING_VERSION = 1.0;
				PRODUCT_BUNDLE_IDENTIFIER = com.wonka.DemoMultiLinkUITests;
				PRODUCT_NAME = "$(TARGET_NAME)";
				SWIFT_EMIT_LOC_STRINGS = NO;
				SWIFT_VERSION = 5.0;
				TARGETED_DEVICE_FAMILY = "1,2";
				TEST_TARGET_NAME = DemoMultiLink;
			};
			name = Release;
		};
/* End XCBuildConfiguration section */

/* Begin XCConfigurationList section */
		4B5C9F4D289CF8C40037742F /* Build configuration list for PBXProject "DemoMultiLink" */ = {
			isa = XCConfigurationList;
			buildConfigurations = (
				4B5C9F74289CF8C50037742F /* Debug */,
				4B5C9F75289CF8C50037742F /* Release */,
			);
			defaultConfigurationIsVisible = 0;
			defaultConfigurationName = Release;
		};
		4B5C9F76289CF8C50037742F /* Build configuration list for PBXNativeTarget "DemoMultiLink" */ = {
			isa = XCConfigurationList;
			buildConfigurations = (
				4B5C9F77289CF8C50037742F /* Debug */,
				4B5C9F78289CF8C50037742F /* Release */,
			);
			defaultConfigurationIsVisible = 0;
			defaultConfigurationName = Release;
		};
		4B5C9F79289CF8C50037742F /* Build configuration list for PBXNativeTarget "DemoMultiLinkTests" */ = {
			isa = XCConfigurationList;
			buildConfigurations = (
				4B5C9F7A289CF8C50037742F /* Debug */,
				4B5C9F7B289CF8C50037742F /* Release */,
			);
			defaultConfigurationIsVisible = 0;
			defaultConfigurationName = Release;
		};
		4B5C9F7C289CF8C50037742F /* Build configuration list for PBXNativeTarget "DemoMultiLinkUITests" */ = {
			isa = XCConfigurationList;
			buildConfigurations = (
				4B5C9F7D289CF8C50037742F /* Debug */,
				4B5C9F7E289CF8C50037742F /* Release */,
			);
			defaultConfigurationIsVisible = 0;
			defaultConfigurationName = Release;
		};
/* End XCConfigurationList section */

/* Begin XCRemoteSwiftPackageReference section */
		4B52603B28AB917400AF114E /* XCRemoteSwiftPackageReference "CocoaAsyncSocket" */ = {
			isa = XCRemoteSwiftPackageReference;
			repositoryURL = "https://github.com/robbiehanson/CocoaAsyncSocket";
			requirement = {
				branch = master;
				kind = branch;
			};
		};
/* End XCRemoteSwiftPackageReference section */

/* Begin XCSwiftPackageProductDependency section */
		4B52603C28AB917400AF114E /* CocoaAsyncSocket */ = {
			isa = XCSwiftPackageProductDependency;
			package = 4B52603B28AB917400AF114E /* XCRemoteSwiftPackageReference "CocoaAsyncSocket" */;
			productName = CocoaAsyncSocket;
		};
/* End XCSwiftPackageProductDependency section */
	};
	rootObject = 4B5C9F4A289CF8C40037742F /* Project object */;
}
